
Microsoft Visual Studio Solution File, Format Version 12.00
# Visual Studio Version 17
VisualStudioVersion = 17.0.31919.166
MinimumVisualStudioVersion = 10.0.40219.1
Project("{FAE04EC0-301F-11D3-BF4B-00C04F79EFBC}") = "KeyVault", "KeyVault\KeyVault.csproj", "{2497792F-741F-4468-8693-904A47BF8D67}"
EndProject
Global
	GlobalSection(SolutionConfigurationPlatforms) = preSolution
		Debug|Any CPU = Debug|Any CPU
		Release|Any CPU = Release|Any CPU
	EndGlobalSection
	GlobalSection(ProjectConfigurationPlatforms) = postSolution
		{2497792F-741F-4468-8693-904A47BF8D67}.Debug|Any CPU.ActiveCfg = Debug|Any CPU
		{2497792F-741F-4468-8693-904A47BF8D67}.Debug|Any CPU.Build.0 = Debug|Any CPU
		{2497792F-741F-4468-8693-904A47BF8D67}.Release|Any CPU.ActiveCfg = Release|Any CPU
		{2497792F-741F-4468-8693-904A47BF8D67}.Release|Any CPU.Build.0 = Release|Any CPU
	EndGlobalSection
	GlobalSection(SolutionProperties) = preSolution
		HideSolutionNode = FALSE
	EndGlobalSection
	GlobalSection(ExtensibilityGlobals) = postSolution
		SolutionGuid = {B298ADFB-73B2-4FA5-B9A2-7BCADFD44CD4}
	EndGlobalSection
EndGlobal
